
Microsoft Visual Studio Solution File, Format Version 12.00
# Visual Studio Version 16
VisualStudioVersion = 16.0.30503.244
MinimumVisualStudioVersion = 10.0.40219.1
Project("{9A19103F-16F7-4668-BE54-9A1E7A4F7556}") = "MonthlyDataAPI", "MonthlyDataAPI\MonthlyDataAPI.csproj", "{5A40CA6B-5FE8-4E6C-B036-21BF4DCCFFF1}"
EndProject
Project("{9A19103F-16F7-4668-BE54-9A1E7A4F7556}") = "MetaData", "MetaData\MetaData.csproj", "{16DDAA25-F49B-4566-8952-450400D41BA8}"
EndProject
Project("{9A19103F-16F7-4668-BE54-9A1E7A4F7556}") = "Domain", "Domain\Domain.csproj", "{83248476-7C83-492E-8D3A-58F4890B762F}"
EndProject
Project("{FAE04EC0-301F-11D3-BF4B-00C04F79EFBC}") = "Data", "Data\Data.csproj", "{9E62344C-8306-4C39-AF68-A35B274A261A}"
EndProject
Global
	GlobalSection(SolutionConfigurationPlatforms) = preSolution
		Debug|Any CPU = Debug|Any CPU
		Release|Any CPU = Release|Any CPU
	EndGlobalSection
	GlobalSection(ProjectConfigurationPlatforms) = postSolution
		{5A40CA6B-5FE8-4E6C-B036-21BF4DCCFFF1}.Debug|Any CPU.ActiveCfg = Debug|Any CPU
		{5A40CA6B-5FE8-4E6C-B036-21BF4DCCFFF1}.Debug|Any CPU.Build.0 = Debug|Any CPU
		{5A40CA6B-5FE8-4E6C-B036-21BF4DCCFFF1}.Release|Any CPU.ActiveCfg = Release|Any CPU
		{5A40CA6B-5FE8-4E6C-B036-21BF4DCCFFF1}.Release|Any CPU.Build.0 = Release|Any CPU
		{16DDAA25-F49B-4566-8952-450400D41BA8}.Debug|Any CPU.ActiveCfg = Debug|Any CPU
		{16DDAA25-F49B-4566-8952-450400D41BA8}.Debug|Any CPU.Build.0 = Debug|Any CPU
		{16DDAA25-F49B-4566-8952-450400D41BA8}.Release|Any CPU.ActiveCfg = Release|Any CPU
		{16DDAA25-F49B-4566-8952-450400D41BA8}.Release|Any CPU.Build.0 = Release|Any CPU
		{83248476-7C83-492E-8D3A-58F4890B762F}.Debug|Any CPU.ActiveCfg = Debug|Any CPU
		{83248476-7C83-492E-8D3A-58F4890B762F}.Debug|Any CPU.Build.0 = Debug|Any CPU
		{83248476-7C83-492E-8D3A-58F4890B762F}.Release|Any CPU.ActiveCfg = Release|Any CPU
		{83248476-7C83-492E-8D3A-58F4890B762F}.Release|Any CPU.Build.0 = Release|Any CPU
		{9E62344C-8306-4C39-AF68-A35B274A261A}.Debug|Any CPU.ActiveCfg = Debug|Any CPU
		{9E62344C-8306-4C39-AF68-A35B274A261A}.Debug|Any CPU.Build.0 = Debug|Any CPU
		{9E62344C-8306-4C39-AF68-A35B274A261A}.Release|Any CPU.ActiveCfg = Release|Any CPU
		{9E62344C-8306-4C39-AF68-A35B274A261A}.Release|Any CPU.Build.0 = Release|Any CPU
	EndGlobalSection
	GlobalSection(SolutionProperties) = preSolution
		HideSolutionNode = FALSE
	EndGlobalSection
	GlobalSection(ExtensibilityGlobals) = postSolution
		SolutionGuid = {51577E91-3F12-4974-A68F-F61B59B38B80}
	EndGlobalSection
EndGlobal
